// !$*UTF8*$!
{
	archiveVersion = 1;
	classes = {
	};
	objectVersion = 48;
	objects = {

/* Begin PBXBuildFile section */
		092CAFFA9386932EC5B8915F /* Pods_ParseChatUITests.framework in Frameworks */ = {isa = PBXBuildFile; fileRef = 937777206A2D0F5DAB0E1215 /* Pods_ParseChatUITests.framework */; };
		7C4CF60120228F8B003A08D8 /* ChatViewController.swift in Sources */ = {isa = PBXBuildFile; fileRef = 7C4CF60020228F8B003A08D8 /* ChatViewController.swift */; };
		7C7A72952022992F00FA8631 /* ChatCell.swift in Sources */ = {isa = PBXBuildFile; fileRef = 7C7A72942022992F00FA8631 /* ChatCell.swift */; };
		7C84DF9E201FE5720069143E /* AppDelegate.swift in Sources */ = {isa = PBXBuildFile; fileRef = 7C84DF9D201FE5720069143E /* AppDelegate.swift */; };
		7C84DFA3201FE5720069143E /* Main.storyboard in Resources */ = {isa = PBXBuildFile; fileRef = 7C84DFA1201FE5720069143E /* Main.storyboard */; };
		7C84DFA5201FE5720069143E /* Assets.xcassets in Resources */ = {isa = PBXBuildFile; fileRef = 7C84DFA4201FE5720069143E /* Assets.xcassets */; };
		7C84DFA8201FE5720069143E /* LaunchScreen.storyboard in Resources */ = {isa = PBXBuildFile; fileRef = 7C84DFA6201FE5720069143E /* LaunchScreen.storyboard */; };
		7C84DFB3201FE5720069143E /* ParseChatTests.swift in Sources */ = {isa = PBXBuildFile; fileRef = 7C84DFB2201FE5720069143E /* ParseChatTests.swift */; };
		7C84DFBE201FE5720069143E /* ParseChatUITests.swift in Sources */ = {isa = PBXBuildFile; fileRef = 7C84DFBD201FE5720069143E /* ParseChatUITests.swift */; };
		7C84DFCC201FE70A0069143E /* LoginViewController.swift in Sources */ = {isa = PBXBuildFile; fileRef = 7C84DFCB201FE70A0069143E /* LoginViewController.swift */; };
		7D061BF53743E22AF8075ADA /* Pods_ParseChatTests.framework in Frameworks */ = {isa = PBXBuildFile; fileRef = 033D16A891BE2AE9D84B57FB /* Pods_ParseChatTests.framework */; };
		8A86E3E0590C9A6E43907629 /* Pods_ParseChat.framework in Frameworks */ = {isa = PBXBuildFile; fileRef = 210ACCC6844AFEE547E9F594 /* Pods_ParseChat.framework */; };
/* End PBXBuildFile section */

/* Begin PBXContainerItemProxy section */
		7C84DFAF201FE5720069143E /* PBXContainerItemProxy */ = {
			isa = PBXContainerItemProxy;
			containerPortal = 7C84DF92201FE5720069143E /* Project object */;
			proxyType = 1;
			remoteGlobalIDString = 7C84DF99201FE5720069143E;
			remoteInfo = ParseChat;
		};
		7C84DFBA201FE5720069143E /* PBXContainerItemProxy */ = {
			isa = PBXContainerItemProxy;
			containerPortal = 7C84DF92201FE5720069143E /* Project object */;
			proxyType = 1;
			remoteGlobalIDString = 7C84DF99201FE5720069143E;
			remoteInfo = ParseChat;
		};
/* End PBXContainerItemProxy section */

/* Begin PBXFileReference section */
		033D16A891BE2AE9D84B57FB /* Pods_ParseChatTests.framework */ = {isa = PBXFileReference; explicitFileType = wrapper.framework; includeInIndex = 0; path = Pods_ParseChatTests.framework; sourceTree = BUILT_PRODUCTS_DIR; };
		210ACCC6844AFEE547E9F594 /* Pods_ParseChat.framework */ = {isa = PBXFileReference; explicitFileType = wrapper.framework; includeInIndex = 0; path = Pods_ParseChat.framework; sourceTree = BUILT_PRODUCTS_DIR; };
		4A68246D1501A36194577EF9 /* Pods-ParseChatUITests.debug.xcconfig */ = {isa = PBXFileReference; includeInIndex = 1; lastKnownFileType = text.xcconfig; name = "Pods-ParseChatUITests.debug.xcconfig"; path = "Pods/Target Support Files/Pods-ParseChatUITests/Pods-ParseChatUITests.debug.xcconfig"; sourceTree = "<group>"; };
		4F6F6C362A04CCFFEFE7FAF6 /* Pods-ParseChatTests.release.xcconfig */ = {isa = PBXFileReference; includeInIndex = 1; lastKnownFileType = text.xcconfig; name = "Pods-ParseChatTests.release.xcconfig"; path = "Pods/Target Support Files/Pods-ParseChatTests/Pods-ParseChatTests.release.xcconfig"; sourceTree = "<group>"; };
		5F1C9BB303977696389CEE35 /* Pods-ParseChat.debug.xcconfig */ = {isa = PBXFileReference; includeInIndex = 1; lastKnownFileType = text.xcconfig; name = "Pods-ParseChat.debug.xcconfig"; path = "Pods/Target Support Files/Pods-ParseChat/Pods-ParseChat.debug.xcconfig"; sourceTree = "<group>"; };
		67024B426D96D30DBE155033 /* Pods-ParseChatTests.debug.xcconfig */ = {isa = PBXFileReference; includeInIndex = 1; lastKnownFileType = text.xcconfig; name = "Pods-ParseChatTests.debug.xcconfig"; path = "Pods/Target Support Files/Pods-ParseChatTests/Pods-ParseChatTests.debug.xcconfig"; sourceTree = "<group>"; };
		7C4CF60020228F8B003A08D8 /* ChatViewController.swift */ = {isa = PBXFileReference; lastKnownFileType = sourcecode.swift; path = ChatViewController.swift; sourceTree = "<group>"; };
		7C7A72942022992F00FA8631 /* ChatCell.swift */ = {isa = PBXFileReference; lastKnownFileType = sourcecode.swift; path = ChatCell.swift; sourceTree = "<group>"; };
		7C84DF9A201FE5720069143E /* ParseChat.app */ = {isa = PBXFileReference; explicitFileType = wrapper.application; includeInIndex = 0; path = ParseChat.app; sourceTree = BUILT_PRODUCTS_DIR; };
		7C84DF9D201FE5720069143E /* AppDelegate.swift */ = {isa = PBXFileReference; lastKnownFileType = sourcecode.swift; path = AppDelegate.swift; sourceTree = "<group>"; };
		7C84DFA2201FE5720069143E /* Base */ = {isa = PBXFileReference; lastKnownFileType = file.storyboard; name = Base; path = Base.lproj/Main.storyboard; sourceTree = "<group>"; };
		7C84DFA4201FE5720069143E /* Assets.xcassets */ = {isa = PBXFileReference; lastKnownFileType = folder.assetcatalog; path = Assets.xcassets; sourceTree = "<group>"; };
		7C84DFA7201FE5720069143E /* Base */ = {isa = PBXFileReference; lastKnownFileType = file.storyboard; name = Base; path = Base.lproj/LaunchScreen.storyboard; sourceTree = "<group>"; };
		7C84DFA9201FE5720069143E /* Info.plist */ = {isa = PBXFileReference; lastKnownFileType = text.plist.xml; path = Info.plist; sourceTree = "<group>"; };
		7C84DFAE201FE5720069143E /* ParseChatTests.xctest */ = {isa = PBXFileReference; explicitFileType = wrapper.cfbundle; includeInIndex = 0; path = ParseChatTests.xctest; sourceTree = BUILT_PRODUCTS_DIR; };
		7C84DFB2201FE5720069143E /* ParseChatTests.swift */ = {isa = PBXFileReference; lastKnownFileType = sourcecode.swift; path = ParseChatTests.swift; sourceTree = "<group>"; };
		7C84DFB4201FE5720069143E /* Info.plist */ = {isa = PBXFileReference; lastKnownFileType = text.plist.xml; path = Info.plist; sourceTree = "<group>"; };
		7C84DFB9201FE5720069143E /* ParseChatUITests.xctest */ = {isa = PBXFileReference; explicitFileType = wrapper.cfbundle; includeInIndex = 0; path = ParseChatUITests.xctest; sourceTree = BUILT_PRODUCTS_DIR; };
		7C84DFBD201FE5720069143E /* ParseChatUITests.swift */ = {isa = PBXFileReference; lastKnownFileType = sourcecode.swift; path = ParseChatUITests.swift; sourceTree = "<group>"; };
		7C84DFBF201FE5720069143E /* Info.plist */ = {isa = PBXFileReference; lastKnownFileType = text.plist.xml; path = Info.plist; sourceTree = "<group>"; };
		7C84DFCB201FE70A0069143E /* LoginViewController.swift */ = {isa = PBXFileReference; lastKnownFileType = sourcecode.swift; path = LoginViewController.swift; sourceTree = "<group>"; };
		8C8E7B620C00E4CF9529E727 /* Pods-ParseChat.release.xcconfig */ = {isa = PBXFileReference; includeInIndex = 1; lastKnownFileType = text.xcconfig; name = "Pods-ParseChat.release.xcconfig"; path = "Pods/Target Support Files/Pods-ParseChat/Pods-ParseChat.release.xcconfig"; sourceTree = "<group>"; };
		937777206A2D0F5DAB0E1215 /* Pods_ParseChatUITests.framework */ = {isa = PBXFileReference; explicitFileType = wrapper.framework; includeInIndex = 0; path = Pods_ParseChatUITests.framework; sourceTree = BUILT_PRODUCTS_DIR; };
		9C3C6D69127CCD7C95969EED /* Pods-ParseChatUITests.release.xcconfig */ = {isa = PBXFileReference; includeInIndex = 1; lastKnownFileType = text.xcconfig; name = "Pods-ParseChatUITests.release.xcconfig"; path = "Pods/Target Support Files/Pods-ParseChatUITests/Pods-ParseChatUITests.release.xcconfig"; sourceTree = "<group>"; };
/* End PBXFileReference section */

/* Begin PBXFrameworksBuildPhase section */
		7C84DF97201FE5720069143E /* Frameworks */ = {
			isa = PBXFrameworksBuildPhase;
			buildActionMask = 2147483647;
			files = (
				8A86E3E0590C9A6E43907629 /* Pods_ParseChat.framework in Frameworks */,
			);
			runOnlyForDeploymentPostprocessing = 0;
		};
		7C84DFAB201FE5720069143E /* Frameworks */ = {
			isa = PBXFrameworksBuildPhase;
			buildActionMask = 2147483647;
			files = (
				7D061BF53743E22AF8075ADA /* Pods_ParseChatTests.framework in Frameworks */,
			);
			runOnlyForDeploymentPostprocessing = 0;
		};
		7C84DFB6201FE5720069143E /* Frameworks */ = {
			isa = PBXFrameworksBuildPhase;
			buildActionMask = 2147483647;
			files = (
				092CAFFA9386932EC5B8915F /* Pods_ParseChatUITests.framework in Frameworks */,
			);
			runOnlyForDeploymentPostprocessing = 0;
		};
/* End PBXFrameworksBuildPhase section */

/* Begin PBXGroup section */
		740064C54F8E957D8EC31C37 /* Frameworks */ = {
			isa = PBXGroup;
			children = (
				210ACCC6844AFEE547E9F594 /* Pods_ParseChat.framework */,
				033D16A891BE2AE9D84B57FB /* Pods_ParseChatTests.framework */,
				937777206A2D0F5DAB0E1215 /* Pods_ParseChatUITests.framework */,
			);
			name = Frameworks;
			sourceTree = "<group>";
		};
		7C84DF91201FE5720069143E = {
			isa = PBXGroup;
			children = (
				7C84DF9C201FE5720069143E /* ParseChat */,
				7C84DFB1201FE5720069143E /* ParseChatTests */,
				7C84DFBC201FE5720069143E /* ParseChatUITests */,
				7C84DF9B201FE5720069143E /* Products */,
				E40D5C8D5ECA53E8DA54050B /* Pods */,
				740064C54F8E957D8EC31C37 /* Frameworks */,
			);
			sourceTree = "<group>";
		};
		7C84DF9B201FE5720069143E /* Products */ = {
			isa = PBXGroup;
			children = (
				7C84DF9A201FE5720069143E /* ParseChat.app */,
				7C84DFAE201FE5720069143E /* ParseChatTests.xctest */,
				7C84DFB9201FE5720069143E /* ParseChatUITests.xctest */,
			);
			name = Products;
			sourceTree = "<group>";
		};
		7C84DF9C201FE5720069143E /* ParseChat */ = {
			isa = PBXGroup;
			children = (
				7C84DF9D201FE5720069143E /* AppDelegate.swift */,
				7C84DFA1201FE5720069143E /* Main.storyboard */,
				7C84DFA4201FE5720069143E /* Assets.xcassets */,
				7C84DFA6201FE5720069143E /* LaunchScreen.storyboard */,
				7C84DFA9201FE5720069143E /* Info.plist */,
				7C84DFCB201FE70A0069143E /* LoginViewController.swift */,
				7C4CF60020228F8B003A08D8 /* ChatViewController.swift */,
				7C7A72942022992F00FA8631 /* ChatCell.swift */,
			);
			path = ParseChat;
			sourceTree = "<group>";
		};
		7C84DFB1201FE5720069143E /* ParseChatTests */ = {
			isa = PBXGroup;
			children = (
				7C84DFB2201FE5720069143E /* ParseChatTests.swift */,
				7C84DFB4201FE5720069143E /* Info.plist */,
			);
			path = ParseChatTests;
			sourceTree = "<group>";
		};
		7C84DFBC201FE5720069143E /* ParseChatUITests */ = {
			isa = PBXGroup;
			children = (
				7C84DFBD201FE5720069143E /* ParseChatUITests.swift */,
				7C84DFBF201FE5720069143E /* Info.plist */,
			);
			path = ParseChatUITests;
			sourceTree = "<group>";
		};
		E40D5C8D5ECA53E8DA54050B /* Pods */ = {
			isa = PBXGroup;
			children = (
				5F1C9BB303977696389CEE35 /* Pods-ParseChat.debug.xcconfig */,
				8C8E7B620C00E4CF9529E727 /* Pods-ParseChat.release.xcconfig */,
				67024B426D96D30DBE155033 /* Pods-ParseChatTests.debug.xcconfig */,
				4F6F6C362A04CCFFEFE7FAF6 /* Pods-ParseChatTests.release.xcconfig */,
				4A68246D1501A36194577EF9 /* Pods-ParseChatUITests.debug.xcconfig */,
				9C3C6D69127CCD7C95969EED /* Pods-ParseChatUITests.release.xcconfig */,
			);
			name = Pods;
			sourceTree = "<group>";
		};
/* End PBXGroup section */

/* Begin PBXNativeTarget section */
		7C84DF99201FE5720069143E /* ParseChat */ = {
			isa = PBXNativeTarget;
			buildConfigurationList = 7C84DFC2201FE5720069143E /* Build configuration list for PBXNativeTarget "ParseChat" */;
			buildPhases = (
				E2403B87F13D8AD6497EFEB9 /* [CP] Check Pods Manifest.lock */,
				7C84DF96201FE5720069143E /* Sources */,
				7C84DF97201FE5720069143E /* Frameworks */,
				7C84DF98201FE5720069143E /* Resources */,
				E51B9B598B709E2BF7535D9E /* [CP] Embed Pods Frameworks */,
				582A236B62125AAAFFDCA857 /* [CP] Copy Pods Resources */,
			);
			buildRules = (
			);
			dependencies = (
			);
			name = ParseChat;
			productName = ParseChat;
			productReference = 7C84DF9A201FE5720069143E /* ParseChat.app */;
			productType = "com.apple.product-type.application";
		};
		7C84DFAD201FE5720069143E /* ParseChatTests */ = {
			isa = PBXNativeTarget;
			buildConfigurationList = 7C84DFC5201FE5720069143E /* Build configuration list for PBXNativeTarget "ParseChatTests" */;
			buildPhases = (
				FD90D4387A2ABC8AABAD3801 /* [CP] Check Pods Manifest.lock */,
				7C84DFAA201FE5720069143E /* Sources */,
				7C84DFAB201FE5720069143E /* Frameworks */,
				7C84DFAC201FE5720069143E /* Resources */,
				6BCBC7404892E928725FACD7 /* [CP] Embed Pods Frameworks */,
				846F7F4640E492C8D66BDDE5 /* [CP] Copy Pods Resources */,
			);
			buildRules = (
			);
			dependencies = (
				7C84DFB0201FE5720069143E /* PBXTargetDependency */,
			);
			name = ParseChatTests;
			productName = ParseChatTests;
			productReference = 7C84DFAE201FE5720069143E /* ParseChatTests.xctest */;
			productType = "com.apple.product-type.bundle.unit-test";
		};
		7C84DFB8201FE5720069143E /* ParseChatUITests */ = {
			isa = PBXNativeTarget;
			buildConfigurationList = 7C84DFC8201FE5720069143E /* Build configuration list for PBXNativeTarget "ParseChatUITests" */;
			buildPhases = (
				C3BC95DA986F14168EC61DED /* [CP] Check Pods Manifest.lock */,
				7C84DFB5201FE5720069143E /* Sources */,
				7C84DFB6201FE5720069143E /* Frameworks */,
				7C84DFB7201FE5720069143E /* Resources */,
				D51D56E2A2A833CF1C4BD13D /* [CP] Embed Pods Frameworks */,
				6E14FB707AFF5528BBFD9F46 /* [CP] Copy Pods Resources */,
			);
			buildRules = (
			);
			dependencies = (
				7C84DFBB201FE5720069143E /* PBXTargetDependency */,
			);
			name = ParseChatUITests;
			productName = ParseChatUITests;
			productReference = 7C84DFB9201FE5720069143E /* ParseChatUITests.xctest */;
			productType = "com.apple.product-type.bundle.ui-testing";
		};
/* End PBXNativeTarget section */

/* Begin PBXProject section */
		7C84DF92201FE5720069143E /* Project object */ = {
			isa = PBXProject;
			attributes = {
				LastSwiftUpdateCheck = 0920;
				LastUpgradeCheck = 0920;
				ORGANIZATIONNAME = "Joey Dafforn";
				TargetAttributes = {
					7C84DF99201FE5720069143E = {
						CreatedOnToolsVersion = 9.2;
						ProvisioningStyle = Automatic;
					};
					7C84DFAD201FE5720069143E = {
						CreatedOnToolsVersion = 9.2;
						ProvisioningStyle = Automatic;
						TestTargetID = 7C84DF99201FE5720069143E;
					};
					7C84DFB8201FE5720069143E = {
						CreatedOnToolsVersion = 9.2;
						ProvisioningStyle = Automatic;
						TestTargetID = 7C84DF99201FE5720069143E;
					};
				};
			};
			buildConfigurationList = 7C84DF95201FE5720069143E /* Build configuration list for PBXProject "ParseChat" */;
			compatibilityVersion = "Xcode 8.0";
			developmentRegion = en;
			hasScannedForEncodings = 0;
			knownRegions = (
				en,
				Base,
			);
			mainGroup = 7C84DF91201FE5720069143E;
			productRefGroup = 7C84DF9B201FE5720069143E /* Products */;
			projectDirPath = "";
			projectRoot = "";
			targets = (
				7C84DF99201FE5720069143E /* ParseChat */,
				7C84DFAD201FE5720069143E /* ParseChatTests */,
				7C84DFB8201FE5720069143E /* ParseChatUITests */,
			);
		};
/* End PBXProject section */

/* Begin PBXResourcesBuildPhase section */
		7C84DF98201FE5720069143E /* Resources */ = {
			isa = PBXResourcesBuildPhase;
			buildActionMask = 2147483647;
			files = (
				7C84DFA8201FE5720069143E /* LaunchScreen.storyboard in Resources */,
				7C84DFA5201FE5720069143E /* Assets.xcassets in Resources */,
				7C84DFA3201FE5720069143E /* Main.storyboard in Resources */,
			);
			runOnlyForDeploymentPostprocessing = 0;
		};
		7C84DFAC201FE5720069143E /* Resources */ = {
			isa = PBXResourcesBuildPhase;
			buildActionMask = 2147483647;
			files = (
			);
			runOnlyForDeploymentPostprocessing = 0;
		};
		7C84DFB7201FE5720069143E /* Resources */ = {
			isa = PBXResourcesBuildPhase;
			buildActionMask = 2147483647;
			files = (
			);
			runOnlyForDeploymentPostprocessing = 0;
		};
/* End PBXResourcesBuildPhase section */

/* Begin PBXShellScriptBuildPhase section */
		582A236B62125AAAFFDCA857 /* [CP] Copy Pods Resources */ = {
			isa = PBXShellScriptBuildPhase;
			buildActionMask = 2147483647;
			files = (
			);
			inputPaths = (
			);
			name = "[CP] Copy Pods Resources";
			outputPaths = (
			);
			runOnlyForDeploymentPostprocessing = 0;
			shellPath = /bin/sh;
			shellScript = "\"${SRCROOT}/Pods/Target Support Files/Pods-ParseChat/Pods-ParseChat-resources.sh\"\n";
			showEnvVarsInLog = 0;
		};
		6BCBC7404892E928725FACD7 /* [CP] Embed Pods Frameworks */ = {
			isa = PBXShellScriptBuildPhase;
			buildActionMask = 2147483647;
			files = (
			);
			inputPaths = (
			);
			name = "[CP] Embed Pods Frameworks";
			outputPaths = (
			);
			runOnlyForDeploymentPostprocessing = 0;
			shellPath = /bin/sh;
			shellScript = "\"${SRCROOT}/Pods/Target Support Files/Pods-ParseChatTests/Pods-ParseChatTests-frameworks.sh\"\n";
			showEnvVarsInLog = 0;
		};
		6E14FB707AFF5528BBFD9F46 /* [CP] Copy Pods Resources */ = {
			isa = PBXShellScriptBuildPhase;
			buildActionMask = 2147483647;
			files = (
			);
			inputPaths = (
			);
			name = "[CP] Copy Pods Resources";
			outputPaths = (
			);
			runOnlyForDeploymentPostprocessing = 0;
			shellPath = /bin/sh;
			shellScript = "\"${SRCROOT}/Pods/Target Support Files/Pods-ParseChatUITests/Pods-ParseChatUITests-resources.sh\"\n";
			showEnvVarsInLog = 0;
		};
		846F7F4640E492C8D66BDDE5 /* [CP] Copy Pods Resources */ = {
			isa = PBXShellScriptBuildPhase;
			buildActionMask = 2147483647;
			files = (
			);
			inputPaths = (
			);
			name = "[CP] Copy Pods Resources";
			outputPaths = (
			);
			runOnlyForDeploymentPostprocessing = 0;
			shellPath = /bin/sh;
			shellScript = "\"${SRCROOT}/Pods/Target Support Files/Pods-ParseChatTests/Pods-ParseChatTests-resources.sh\"\n";
			showEnvVarsInLog = 0;
		};
		C3BC95DA986F14168EC61DED /* [CP] Check Pods Manifest.lock */ = {
			isa = PBXShellScriptBuildPhase;
			buildActionMask = 2147483647;
			files = (
			);
			inputPaths = (
				"${PODS_PODFILE_DIR_PATH}/Podfile.lock",
				"${PODS_ROOT}/Manifest.lock",
			);
			name = "[CP] Check Pods Manifest.lock";
			outputPaths = (
				"$(DERIVED_FILE_DIR)/Pods-ParseChatUITests-checkManifestLockResult.txt",
			);
			runOnlyForDeploymentPostprocessing = 0;
			shellPath = /bin/sh;
			shellScript = "diff \"${PODS_PODFILE_DIR_PATH}/Podfile.lock\" \"${PODS_ROOT}/Manifest.lock\" > /dev/null\nif [ $? != 0 ] ; then\n    # print error to STDERR\n    echo \"error: The sandbox is not in sync with the Podfile.lock. Run 'pod install' or update your CocoaPods installation.\" >&2\n    exit 1\nfi\n# This output is used by Xcode 'outputs' to avoid re-running this script phase.\necho \"SUCCESS\" > \"${SCRIPT_OUTPUT_FILE_0}\"\n";
			showEnvVarsInLog = 0;
		};
		D51D56E2A2A833CF1C4BD13D /* [CP] Embed Pods Frameworks */ = {
			isa = PBXShellScriptBuildPhase;
			buildActionMask = 2147483647;
			files = (
			);
			inputPaths = (
			);
			name = "[CP] Embed Pods Frameworks";
			outputPaths = (
			);
			runOnlyForDeploymentPostprocessing = 0;
			shellPath = /bin/sh;
			shellScript = "\"${SRCROOT}/Pods/Target Support Files/Pods-ParseChatUITests/Pods-ParseChatUITests-frameworks.sh\"\n";
			showEnvVarsInLog = 0;
		};
		E2403B87F13D8AD6497EFEB9 /* [CP] Check Pods Manifest.lock */ = {
			isa = PBXShellScriptBuildPhase;
			buildActionMask = 2147483647;
			files = (
			);
			inputPaths = (
				"${PODS_PODFILE_DIR_PATH}/Podfile.lock",
				"${PODS_ROOT}/Manifest.lock",
			);
			name = "[CP] Check Pods Manifest.lock";
			outputPaths = (
				"$(DERIVED_FILE_DIR)/Pods-ParseChat-checkManifestLockResult.txt",
			);
			runOnlyForDeploymentPostprocessing = 0;
			shellPath = /bin/sh;
			shellScript = "diff \"${PODS_PODFILE_DIR_PATH}/Podfile.lock\" \"${PODS_ROOT}/Manifest.lock\" > /dev/null\nif [ $? != 0 ] ; then\n    # print error to STDERR\n    echo \"error: The sandbox is not in sync with the Podfile.lock. Run 'pod install' or update your CocoaPods installation.\" >&2\n    exit 1\nfi\n# This output is used by Xcode 'outputs' to avoid re-running this script phase.\necho \"SUCCESS\" > \"${SCRIPT_OUTPUT_FILE_0}\"\n";
			showEnvVarsInLog = 0;
		};
		E51B9B598B709E2BF7535D9E /* [CP] Embed Pods Frameworks */ = {
			isa = PBXShellScriptBuildPhase;
			buildActionMask = 2147483647;
			files = (
			);
			inputPaths = (
				"${SRCROOT}/Pods/Target Support Files/Pods-ParseChat/Pods-ParseChat-frameworks.sh",
				"${BUILT_PRODUCTS_DIR}/Bolts/Bolts.framework",
				"${BUILT_PRODUCTS_DIR}/Parse/Parse.framework",
			);
			name = "[CP] Embed Pods Frameworks";
			outputPaths = (
				"${TARGET_BUILD_DIR}/${FRAMEWORKS_FOLDER_PATH}/Bolts.framework",
				"${TARGET_BUILD_DIR}/${FRAMEWORKS_FOLDER_PATH}/Parse.framework",
			);
			runOnlyForDeploymentPostprocessing = 0;
			shellPath = /bin/sh;
			shellScript = "\"${SRCROOT}/Pods/Target Support Files/Pods-ParseChat/Pods-ParseChat-frameworks.sh\"\n";
			showEnvVarsInLog = 0;
		};
		FD90D4387A2ABC8AABAD3801 /* [CP] Check Pods Manifest.lock */ = {
			isa = PBXShellScriptBuildPhase;
			buildActionMask = 2147483647;
			files = (
			);
			inputPaths = (
				"${PODS_PODFILE_DIR_PATH}/Podfile.lock",
				"${PODS_ROOT}/Manifest.lock",
			);
			name = "[CP] Check Pods Manifest.lock";
			outputPaths = (
				"$(DERIVED_FILE_DIR)/Pods-ParseChatTests-checkManifestLockResult.txt",
			);
			runOnlyForDeploymentPostprocessing = 0;
			shellPath = /bin/sh;
			shellScript = "diff \"${PODS_PODFILE_DIR_PATH}/Podfile.lock\" \"${PODS_ROOT}/Manifest.lock\" > /dev/null\nif [ $? != 0 ] ; then\n    # print error to STDERR\n    echo \"error: The sandbox is not in sync with the Podfile.lock. Run 'pod install' or update your CocoaPods installation.\" >&2\n    exit 1\nfi\n# This output is used by Xcode 'outputs' to avoid re-running this script phase.\necho \"SUCCESS\" > \"${SCRIPT_OUTPUT_FILE_0}\"\n";
			showEnvVarsInLog = 0;
		};
/* End PBXShellScriptBuildPhase section */

/* Begin PBXSourcesBuildPhase section */
		7C84DF96201FE5720069143E /* Sources */ = {
			isa = PBXSourcesBuildPhase;
			buildActionMask = 2147483647;
			files = (
				7C84DFCC201FE70A0069143E /* LoginViewController.swift in Sources */,
				7C7A72952022992F00FA8631 /* ChatCell.swift in Sources */,
				7C4CF60120228F8B003A08D8 /* ChatViewController.swift in Sources */,
				7C84DF9E201FE5720069143E /* AppDelegate.swift in Sources */,
			);
			runOnlyForDeploymentPostprocessing = 0;
		};
		7C84DFAA201FE5720069143E /* Sources */ = {
			isa = PBXSourcesBuildPhase;
			buildActionMask = 2147483647;
			files = (
				7C84DFB3201FE5720069143E /* ParseChatTests.swift in Sources */,
			);
			runOnlyForDeploymentPostprocessing = 0;
		};
		7C84DFB5201FE5720069143E /* Sources */ = {
			isa = PBXSourcesBuildPhase;
			buildActionMask = 2147483647;
			files = (
				7C84DFBE201FE5720069143E /* ParseChatUITests.swift in Sources */,
			);
			runOnlyForDeploymentPostprocessing = 0;
		};
/* End PBXSourcesBuildPhase section */

/* Begin PBXTargetDependency section */
		7C84DFB0201FE5720069143E /* PBXTargetDependency */ = {
			isa = PBXTargetDependency;
			target = 7C84DF99201FE5720069143E /* ParseChat */;
			targetProxy = 7C84DFAF201FE5720069143E /* PBXContainerItemProxy */;
		};
		7C84DFBB201FE5720069143E /* PBXTargetDependency */ = {
			isa = PBXTargetDependency;
			target = 7C84DF99201FE5720069143E /* ParseChat */;
			targetProxy = 7C84DFBA201FE5720069143E /* PBXContainerItemProxy */;
		};
/* End PBXTargetDependency section */

/* Begin PBXVariantGroup section */
		7C84DFA1201FE5720069143E /* Main.storyboard */ = {
			isa = PBXVariantGroup;
			children = (
				7C84DFA2201FE5720069143E /* Base */,
			);
			name = Main.storyboard;
			sourceTree = "<group>";
		};
		7C84DFA6201FE5720069143E /* LaunchScreen.storyboard */ = {
			isa = PBXVariantGroup;
			children = (
				7C84DFA7201FE5720069143E /* Base */,
			);
			name = LaunchScreen.storyboard;
			sourceTree = "<group>";
		};
/* End PBXVariantGroup section */

/* Begin XCBuildConfiguration section */
		7C84DFC0201FE5720069143E /* Debug */ = {
			isa = XCBuildConfiguration;
			buildSettings = {
				ALWAYS_SEARCH_USER_PATHS = NO;
				CLANG_ANALYZER_NONNULL = YES;
				CLANG_ANALYZER_NUMBER_OBJECT_CONVERSION = YES_AGGRESSIVE;
				CLANG_CXX_LANGUAGE_STANDARD = "gnu++14";
				CLANG_CXX_LIBRARY = "libc++";
				CLANG_ENABLE_MODULES = YES;
				CLANG_ENABLE_OBJC_ARC = YES;
				CLANG_WARN_BLOCK_CAPTURE_AUTORELEASING = YES;
				CLANG_WARN_BOOL_CONVERSION = YES;
				CLANG_WARN_COMMA = YES;
				CLANG_WARN_CONSTANT_CONVERSION = YES;
				CLANG_WARN_DIRECT_OBJC_ISA_USAGE = YES_ERROR;
				CLANG_WARN_DOCUMENTATION_COMMENTS = YES;
				CLANG_WARN_EMPTY_BODY = YES;
				CLANG_WARN_ENUM_CONVERSION = YES;
				CLANG_WARN_INFINITE_RECURSION = YES;
				CLANG_WARN_INT_CONVERSION = YES;
				CLANG_WARN_NON_LITERAL_NULL_CONVERSION = YES;
				CLANG_WARN_OBJC_LITERAL_CONVERSION = YES;
				CLANG_WARN_OBJC_ROOT_CLASS = YES_ERROR;
				CLANG_WARN_RANGE_LOOP_ANALYSIS = YES;
				CLANG_WARN_STRICT_PROTOTYPES = YES;
				CLANG_WARN_SUSPICIOUS_MOVE = YES;
				CLANG_WARN_UNGUARDED_AVAILABILITY = YES_AGGRESSIVE;
				CLANG_WARN_UNREACHABLE_CODE = YES;
				CLANG_WARN__DUPLICATE_METHOD_MATCH = YES;
				CODE_SIGN_IDENTITY = "iPhone Developer";
				COPY_PHASE_STRIP = NO;
				DEBUG_INFORMATION_FORMAT = dwarf;
				ENABLE_STRICT_OBJC_MSGSEND = YES;
				ENABLE_TESTABILITY = YES;
				GCC_C_LANGUAGE_STANDARD = gnu11;
				GCC_DYNAMIC_NO_PIC = NO;
				GCC_NO_COMMON_BLOCKS = YES;
				GCC_OPTIMIZATION_LEVEL = 0;
				GCC_PREPROCESSOR_DEFINITIONS = (
					"DEBUG=1",
					"$(inherited)",
				);
				GCC_WARN_64_TO_32_BIT_CONVERSION = YES;
				GCC_WARN_ABOUT_RETURN_TYPE = YES_ERROR;
				GCC_WARN_UNDECLARED_SELECTOR = YES;
				GCC_WARN_UNINITIALIZED_AUTOS = YES_AGGRESSIVE;
				GCC_WARN_UNUSED_FUNCTION = YES;
				GCC_WARN_UNUSED_VARIABLE = YES;
				IPHONEOS_DEPLOYMENT_TARGET = 11.2;
				MTL_ENABLE_DEBUG_INFO = YES;
				ONLY_ACTIVE_ARCH = YES;
				SDKROOT = iphoneos;
				SWIFT_ACTIVE_COMPILATION_CONDITIONS = DEBUG;
				SWIFT_OPTIMIZATION_LEVEL = "-Onone";
			};
			name = Debug;
		};
		7C84DFC1201FE5720069143E /* Release */ = {
			isa = XCBuildConfiguration;
			buildSettings = {
				ALWAYS_SEARCH_USER_PATHS = NO;
				CLANG_ANALYZER_NONNULL = YES;
				CLANG_ANALYZER_NUMBER_OBJECT_CONVERSION = YES_AGGRESSIVE;
				CLANG_CXX_LANGUAGE_STANDARD = "gnu++14";
				CLANG_CXX_LIBRARY = "libc++";
				CLANG_ENABLE_MODULES = YES;
				CLANG_ENABLE_OBJC_ARC = YES;
				CLANG_WARN_BLOCK_CAPTURE_AUTORELEASING = YES;
				CLANG_WARN_BOOL_CONVERSION = YES;
				CLANG_WARN_COMMA = YES;
				CLANG_WARN_CONSTANT_CONVERSION = YES;
				CLANG_WARN_DIRECT_OBJC_ISA_USAGE = YES_ERROR;
				CLANG_WARN_DOCUMENTATION_COMMENTS = YES;
				CLANG_WARN_EMPTY_BODY = YES;
				CLANG_WARN_ENUM_CONVERSION = YES;
				CLANG_WARN_INFINITE_RECURSION = YES;
				CLANG_WARN_INT_CONVERSION = YES;
				CLANG_WARN_NON_LITERAL_NULL_CONVERSION = YES;
				CLANG_WARN_OBJC_LITERAL_CONVERSION = YES;
				CLANG_WARN_OBJC_ROOT_CLASS = YES_ERROR;
				CLANG_WARN_RANGE_LOOP_ANALYSIS = YES;
				CLANG_WARN_STRICT_PROTOTYPES = YES;
				CLANG_WARN_SUSPICIOUS_MOVE = YES;
				CLANG_WARN_UNGUARDED_AVAILABILITY = YES_AGGRESSIVE;
				CLANG_WARN_UNREACHABLE_CODE = YES;
				CLANG_WARN__DUPLICATE_METHOD_MATCH = YES;
				CODE_SIGN_IDENTITY = "iPhone Developer";
				COPY_PHASE_STRIP = NO;
				DEBUG_INFORMATION_FORMAT = "dwarf-with-dsym";
				ENABLE_NS_ASSERTIONS = NO;
				ENABLE_STRICT_OBJC_MSGSEND = YES;
				GCC_C_LANGUAGE_STANDARD = gnu11;
				GCC_NO_COMMON_BLOCKS = YES;
				GCC_WARN_64_TO_32_BIT_CONVERSION = YES;
				GCC_WARN_ABOUT_RETURN_TYPE = YES_ERROR;
				GCC_WARN_UNDECLARED_SELECTOR = YES;
				GCC_WARN_UNINITIALIZED_AUTOS = YES_AGGRESSIVE;
				GCC_WARN_UNUSED_FUNCTION = YES;
				GCC_WARN_UNUSED_VARIABLE = YES;
				IPHONEOS_DEPLOYMENT_TARGET = 11.2;
				MTL_ENABLE_DEBUG_INFO = NO;
				SDKROOT = iphoneos;
				SWIFT_OPTIMIZATION_LEVEL = "-Owholemodule";
				VALIDATE_PRODUCT = YES;
			};
			name = Release;
		};
		7C84DFC3201FE5720069143E /* Debug */ = {
			isa = XCBuildConfiguration;
			baseConfigurationReference = 5F1C9BB303977696389CEE35 /* Pods-ParseChat.debug.xcconfig */;
			buildSettings = {
				ASSETCATALOG_COMPILER_APPICON_NAME = AppIcon;
				CODE_SIGN_STYLE = Automatic;
				DEVELOPMENT_TEAM = WKP8U6Y3CT;
				INFOPLIST_FILE = ParseChat/Info.plist;
				LD_RUNPATH_SEARCH_PATHS = "$(inherited) @executable_path/Frameworks";
				PRODUCT_BUNDLE_IDENTIFIER = com.JoeyDafforn.ParseChat;
				PRODUCT_NAME = "$(TARGET_NAME)";
				SWIFT_VERSION = 4.0;
				TARGETED_DEVICE_FAMILY = "1,2";
			};
			name = Debug;
		};
		7C84DFC4201FE5720069143E /* Release */ = {
			isa = XCBuildConfiguration;
			baseConfigurationReference = 8C8E7B620C00E4CF9529E727 /* Pods-ParseChat.release.xcconfig */;
			buildSettings = {
				ASSETCATALOG_COMPILER_APPICON_NAME = AppIcon;
				CODE_SIGN_STYLE = Automatic;
				DEVELOPMENT_TEAM = WKP8U6Y3CT;
				INFOPLIST_FILE = ParseChat/Info.plist;
				LD_RUNPATH_SEARCH_PATHS = "$(inherited) @executable_path/Frameworks";
				PRODUCT_BUNDLE_IDENTIFIER = com.JoeyDafforn.ParseChat;
				PRODUCT_NAME = "$(TARGET_NAME)";
				SWIFT_VERSION = 4.0;
				TARGETED_DEVICE_FAMILY = "1,2";
			};
			name = Release;
		};
		7C84DFC6201FE5720069143E /* Debug */ = {
			isa = XCBuildConfiguration;
			baseConfigurationReference = 67024B426D96D30DBE155033 /* Pods-ParseChatTests.debug.xcconfig */;
			buildSettings = {
				ALWAYS_EMBED_SWIFT_STANDARD_LIBRARIES = YES;
				BUNDLE_LOADER = "$(TEST_HOST)";
				CODE_SIGN_STYLE = Automatic;
				DEVELOPMENT_TEAM = WKP8U6Y3CT;
				INFOPLIST_FILE = ParseChatTests/Info.plist;
				LD_RUNPATH_SEARCH_PATHS = "$(inherited) @executable_path/Frameworks @loader_path/Frameworks";
				PRODUCT_BUNDLE_IDENTIFIER = com.JoeyDafforn.ParseChatTests;
				PRODUCT_NAME = "$(TARGET_NAME)";
				SWIFT_VERSION = 4.0;
				TARGETED_DEVICE_FAMILY = "1,2";
				TEST_HOST = "$(BUILT_PRODUCTS_DIR)/ParseChat.app/ParseChat";
			};
			name = Debug;
		};
		7C84DFC7201FE5720069143E /* Release */ = {
			isa = XCBuildConfiguration;
			baseConfigurationReference = 4F6F6C362A04CCFFEFE7FAF6 /* Pods-ParseChatTests.release.xcconfig */;
			buildSettings = {
				ALWAYS_EMBED_SWIFT_STANDARD_LIBRARIES = YES;
				BUNDLE_LOADER = "$(TEST_HOST)";
				CODE_SIGN_STYLE = Automatic;
				DEVELOPMENT_TEAM = WKP8U6Y3CT;
				INFOPLIST_FILE = ParseChatTests/Info.plist;
				LD_RUNPATH_SEARCH_PATHS = "$(inherited) @executable_path/Frameworks @loader_path/Frameworks";
				PRODUCT_BUNDLE_IDENTIFIER = com.JoeyDafforn.ParseChatTests;
				PRODUCT_NAME = "$(TARGET_NAME)";
				SWIFT_VERSION = 4.0;
				TARGETED_DEVICE_FAMILY = "1,2";
				TEST_HOST = "$(BUILT_PRODUCTS_DIR)/ParseChat.app/ParseChat";
			};
			name = Release;
		};
		7C84DFC9201FE5720069143E /* Debug */ = {
			isa = XCBuildConfiguration;
			baseConfigurationReference = 4A68246D1501A36194577EF9 /* Pods-ParseChatUITests.debug.xcconfig */;
			buildSettings = {
				ALWAYS_EMBED_SWIFT_STANDARD_LIBRARIES = YES;
				CODE_SIGN_STYLE = Automatic;
				DEVELOPMENT_TEAM = WKP8U6Y3CT;
				INFOPLIST_FILE = ParseChatUITests/Info.plist;
				LD_RUNPATH_SEARCH_PATHS = "$(inherited) @executable_path/Frameworks @loader_path/Frameworks";
				PRODUCT_BUNDLE_IDENTIFIER = com.JoeyDafforn.ParseChatUITests;
				PRODUCT_NAME = "$(TARGET_NAME)";
				SWIFT_VERSION = 4.0;
				TARGETED_DEVICE_FAMILY = "1,2";
				TEST_TARGET_NAME = ParseChat;
			};
			name = Debug;
		};
		7C84DFCA201FE5720069143E /* Release */ = {
			isa = XCBuildConfiguration;
			baseConfigurationReference = 9C3C6D69127CCD7C95969EED /* Pods-ParseChatUITests.release.xcconfig */;
			buildSettings = {
				ALWAYS_EMBED_SWIFT_STANDARD_LIBRARIES = YES;
				CODE_SIGN_STYLE = Automatic;
				DEVELOPMENT_TEAM = WKP8U6Y3CT;
				INFOPLIST_FILE = ParseChatUITests/Info.plist;
				LD_RUNPATH_SEARCH_PATHS = "$(inherited) @executable_path/Frameworks @loader_path/Frameworks";
				PRODUCT_BUNDLE_IDENTIFIER = com.JoeyDafforn.ParseChatUITests;
				PRODUCT_NAME = "$(TARGET_NAME)";
				SWIFT_VERSION = 4.0;
				TARGETED_DEVICE_FAMILY = "1,2";
				TEST_TARGET_NAME = ParseChat;
			};
			name = Release;
		};
/* End XCBuildConfiguration section */

/* Begin XCConfigurationList section */
		7C84DF95201FE5720069143E /* Build configuration list for PBXProject "ParseChat" */ = {
			isa = XCConfigurationList;
			buildConfigurations = (
				7C84DFC0201FE5720069143E /* Debug */,
				7C84DFC1201FE5720069143E /* Release */,
			);
			defaultConfigurationIsVisible = 0;
			defaultConfigurationName = Release;
		};
		7C84DFC2201FE5720069143E /* Build configuration list for PBXNativeTarget "ParseChat" */ = {
			isa = XCConfigurationList;
			buildConfigurations = (
				7C84DFC3201FE5720069143E /* Debug */,
				7C84DFC4201FE5720069143E /* Release */,
			);
			defaultConfigurationIsVisible = 0;
			defaultConfigurationName = Release;
		};
		7C84DFC5201FE5720069143E /* Build configuration list for PBXNativeTarget "ParseChatTests" */ = {
			isa = XCConfigurationList;
			buildConfigurations = (
				7C84DFC6201FE5720069143E /* Debug */,
				7C84DFC7201FE5720069143E /* Release */,
			);
			defaultConfigurationIsVisible = 0;
			defaultConfigurationName = Release;
		};
		7C84DFC8201FE5720069143E /* Build configuration list for PBXNativeTarget "ParseChatUITests" */ = {
			isa = XCConfigurationList;
			buildConfigurations = (
				7C84DFC9201FE5720069143E /* Debug */,
				7C84DFCA201FE5720069143E /* Release */,
			);
			defaultConfigurationIsVisible = 0;
			defaultConfigurationName = Release;
		};
/* End XCConfigurationList section */
	};
	rootObject = 7C84DF92201FE5720069143E /* Project object */;
}
